
Microsoft Visual Studio Solution File, Format Version 12.00
# Visual Studio Version 16
VisualStudioVersion = 16.0.31624.102
MinimumVisualStudioVersion = 10.0.40219.1
Project("{9A19103F-16F7-4668-BE54-9A1E7A4F7556}") = "GUI_LAB05_Exercise3", "..\..\GUI_LAB05_Ex2\GUI_LAB05_Exercise2\GUI_LAB05_Exercise2\GUI_LAB05_Exercise3.csproj", "{31B063D5-3916-4FB5-A8B3-4CC7AEA69DA2}"
EndProject
Global
	GlobalSection(SolutionConfigurationPlatforms) = preSolution
		Debug|Any CPU = Debug|Any CPU
		Release|Any CPU = Release|Any CPU
	EndGlobalSection
	GlobalSection(ProjectConfigurationPlatforms) = postSolution
		{31B063D5-3916-4FB5-A8B3-4CC7AEA69DA2}.Debug|Any CPU.ActiveCfg = Debug|Any CPU
		{31B063D5-3916-4FB5-A8B3-4CC7AEA69DA2}.Debug|Any CPU.Build.0 = Debug|Any CPU
		{31B063D5-3916-4FB5-A8B3-4CC7AEA69DA2}.Release|Any CPU.ActiveCfg = Release|Any CPU
		{31B063D5-3916-4FB5-A8B3-4CC7AEA69DA2}.Release|Any CPU.Build.0 = Release|Any CPU
	EndGlobalSection
	GlobalSection(SolutionProperties) = preSolution
		HideSolutionNode = FALSE
	EndGlobalSection
	GlobalSection(ExtensibilityGlobals) = postSolution
		SolutionGuid = {4B7C9E16-AD6D-4194-8E33-610914D7423C}
	EndGlobalSection
EndGlobal
